
Microsoft Visual Studio Solution File, Format Version 12.00
# Visual Studio 15
VisualStudioVersion = 15.0.28307.168
MinimumVisualStudioVersion = 10.0.40219.1
Project("{FAE04EC0-301F-11D3-BF4B-00C04F79EFBC}") = "DiModelBinder", "DiModelBinder\DiModelBinder.csproj", "{A172B58A-722A-4F5B-BB13-B128400BBB55}"
EndProject
Project("{FAE04EC0-301F-11D3-BF4B-00C04F79EFBC}") = "DiModelBinder.Tests", "DiModelBinder.Tests\DiModelBinder.Tests.csproj", "{02E2C65C-2245-4D81-ACF2-28DA11A7E22F}"
EndProject
Project("{FAE04EC0-301F-11D3-BF4B-00C04F79EFBC}") = "DiModelBinder.IntegrationTests", "DiModelBinder.IntegrationTests\DiModelBinder.IntegrationTests.csproj", "{C68A6D04-0070-48B1-BE39-65A136B0F0B3}"
EndProject
Global
	GlobalSection(SolutionConfigurationPlatforms) = preSolution
		Debug|Any CPU = Debug|Any CPU
		Release|Any CPU = Release|Any CPU
	EndGlobalSection
	GlobalSection(ProjectConfigurationPlatforms) = postSolution
		{A172B58A-722A-4F5B-BB13-B128400BBB55}.Debug|Any CPU.ActiveCfg = Debug|Any CPU
		{A172B58A-722A-4F5B-BB13-B128400BBB55}.Debug|Any CPU.Build.0 = Debug|Any CPU
		{A172B58A-722A-4F5B-BB13-B128400BBB55}.Release|Any CPU.ActiveCfg = Release|Any CPU
		{A172B58A-722A-4F5B-BB13-B128400BBB55}.Release|Any CPU.Build.0 = Release|Any CPU
		{02E2C65C-2245-4D81-ACF2-28DA11A7E22F}.Debug|Any CPU.ActiveCfg = Debug|Any CPU
		{02E2C65C-2245-4D81-ACF2-28DA11A7E22F}.Debug|Any CPU.Build.0 = Debug|Any CPU
		{02E2C65C-2245-4D81-ACF2-28DA11A7E22F}.Release|Any CPU.ActiveCfg = Release|Any CPU
		{02E2C65C-2245-4D81-ACF2-28DA11A7E22F}.Release|Any CPU.Build.0 = Release|Any CPU
		{C68A6D04-0070-48B1-BE39-65A136B0F0B3}.Debug|Any CPU.ActiveCfg = Debug|Any CPU
		{C68A6D04-0070-48B1-BE39-65A136B0F0B3}.Debug|Any CPU.Build.0 = Debug|Any CPU
		{C68A6D04-0070-48B1-BE39-65A136B0F0B3}.Release|Any CPU.ActiveCfg = Release|Any CPU
		{C68A6D04-0070-48B1-BE39-65A136B0F0B3}.Release|Any CPU.Build.0 = Release|Any CPU
	EndGlobalSection
	GlobalSection(SolutionProperties) = preSolution
		HideSolutionNode = FALSE
	EndGlobalSection
	GlobalSection(ExtensibilityGlobals) = postSolution
		SolutionGuid = {9E249DA9-4274-4931-B235-74513AD2D8D4}
	EndGlobalSection
EndGlobal
